
Microsoft Visual Studio Solution File, Format Version 12.00
# Visual Studio Version 17
VisualStudioVersion = 17.12.35506.116 d17.12
MinimumVisualStudioVersion = 10.0.40219.1
Project("{FAE04EC0-301F-11D3-BF4B-00C04F79EFBC}") = "SistemaGestionVacaciones1", "SistemaGestionVacaciones1.csproj", "{BA0F82DE-5A6D-4DC0-8C43-D60B89809D16}"
EndProject
Global
	GlobalSection(SolutionConfigurationPlatforms) = preSolution
		Debug|Any CPU = Debug|Any CPU
		Release|Any CPU = Release|Any CPU
	EndGlobalSection
	GlobalSection(ProjectConfigurationPlatforms) = postSolution
		{BA0F82DE-5A6D-4DC0-8C43-D60B89809D16}.Debug|Any CPU.ActiveCfg = Debug|Any CPU
		{BA0F82DE-5A6D-4DC0-8C43-D60B89809D16}.Debug|Any CPU.Build.0 = Debug|Any CPU
		{BA0F82DE-5A6D-4DC0-8C43-D60B89809D16}.Release|Any CPU.ActiveCfg = Release|Any CPU
		{BA0F82DE-5A6D-4DC0-8C43-D60B89809D16}.Release|Any CPU.Build.0 = Release|Any CPU
	EndGlobalSection
	GlobalSection(SolutionProperties) = preSolution
		HideSolutionNode = FALSE
	EndGlobalSection
EndGlobal
